
Microsoft Visual Studio Solution File, Format Version 12.00
# Visual Studio Version 16
VisualStudioVersion = 16.0.30011.22
MinimumVisualStudioVersion = 10.0.40219.1
Project("{D954291E-2A0B-460D-934E-DC6B0785DB48}") = "My_Training", "My_Training\My_Training.shproj", "{C04BE26E-DFCB-4401-B45C-BE26DD7C78C4}"
EndProject
Project("{FAE04EC0-301F-11D3-BF4B-00C04F79EFBC}") = "LightSignal", "LightSignal\LightSignal.csproj", "{93C32529-E235-4168-B532-7F745A5B9635}"
EndProject
Project("{FAE04EC0-301F-11D3-BF4B-00C04F79EFBC}") = "LightSignal1", "LightSignal1\LightSignal1.csproj", "{F46774FF-199F-48DB-B878-F9376D8D44DD}"
EndProject
Project("{FAE04EC0-301F-11D3-BF4B-00C04F79EFBC}") = "LightSignal2", "LightSignal2\LightSignal2.csproj", "{755ACD0D-0CF0-4E55-85A1-6B472ACD5912}"
EndProject
Project("{FAE04EC0-301F-11D3-BF4B-00C04F79EFBC}") = "ConsoleApp1", "ConsoleApp1\ConsoleApp1.csproj", "{FA6268A2-E816-450B-9697-260FB40105E4}"
EndProject
Project("{FAE04EC0-301F-11D3-BF4B-00C04F79EFBC}") = "LightSignal3", "LightSignal3\LightSignal3.csproj", "{D53FD0FF-E6E4-40C2-84F6-90D51DB514F1}"
EndProject
Project("{FAE04EC0-301F-11D3-BF4B-00C04F79EFBC}") = "LightSignal4", "LightSignal4\LightSignal4.csproj", "{54DA6870-83C0-487F-8285-D144C80B27D6}"
EndProject
Project("{FAE04EC0-301F-11D3-BF4B-00C04F79EFBC}") = "TrafficLight5", "TrafficLight5\TrafficLight5.csproj", "{5EA64DA9-70C5-4F31-9A1A-99AEEF191C84}"
EndProject
Project("{FAE04EC0-301F-11D3-BF4B-00C04F79EFBC}") = "TrafficLight6", "TrafficLight6\TrafficLight6.csproj", "{8EA29C90-33CC-4BC2-8A03-04FBAC7BFB10}"
EndProject
Project("{FAE04EC0-301F-11D3-BF4B-00C04F79EFBC}") = "TrafficLight7", "TrafficLight7\TrafficLight7.csproj", "{9B00C078-C64C-43A4-A7CC-E1309D50AE20}"
EndProject
Project("{FAE04EC0-301F-11D3-BF4B-00C04F79EFBC}") = "TrafficLight8", "TrafficLight8\TrafficLight8.csproj", "{DAA88691-8115-4E8D-8F04-0EFA48BF6AA2}"
EndProject
Project("{FAE04EC0-301F-11D3-BF4B-00C04F79EFBC}") = "TrafficLight9", "TrafficLight9\TrafficLight9.csproj", "{09EBB0DE-463A-4A1B-ABC5-4C0C98EEF0FB}"
EndProject
Project("{FAE04EC0-301F-11D3-BF4B-00C04F79EFBC}") = "Test", "Test\Test.csproj", "{90BE0803-FDF1-4193-BEFD-8C4DA3337BD6}"
EndProject
Project("{FAE04EC0-301F-11D3-BF4B-00C04F79EFBC}") = "TrafficLight10", "TrafficLight10\TrafficLight10.csproj", "{5EA6643A-BEC3-4752-B461-EB1D7936BB1D}"
EndProject
Global
	GlobalSection(SharedMSBuildProjectFiles) = preSolution
		My_Training\My_Training.projitems*{c04be26e-dfcb-4401-b45c-be26dd7c78c4}*SharedItemsImports = 13
	EndGlobalSection
	GlobalSection(SolutionConfigurationPlatforms) = preSolution
		Debug|Any CPU = Debug|Any CPU
		Release|Any CPU = Release|Any CPU
	EndGlobalSection
	GlobalSection(ProjectConfigurationPlatforms) = postSolution
		{93C32529-E235-4168-B532-7F745A5B9635}.Debug|Any CPU.ActiveCfg = Debug|Any CPU
		{93C32529-E235-4168-B532-7F745A5B9635}.Debug|Any CPU.Build.0 = Debug|Any CPU
		{93C32529-E235-4168-B532-7F745A5B9635}.Release|Any CPU.ActiveCfg = Release|Any CPU
		{93C32529-E235-4168-B532-7F745A5B9635}.Release|Any CPU.Build.0 = Release|Any CPU
		{F46774FF-199F-48DB-B878-F9376D8D44DD}.Debug|Any CPU.ActiveCfg = Debug|Any CPU
		{F46774FF-199F-48DB-B878-F9376D8D44DD}.Debug|Any CPU.Build.0 = Debug|Any CPU
		{F46774FF-199F-48DB-B878-F9376D8D44DD}.Release|Any CPU.ActiveCfg = Release|Any CPU
		{F46774FF-199F-48DB-B878-F9376D8D44DD}.Release|Any CPU.Build.0 = Release|Any CPU
		{755ACD0D-0CF0-4E55-85A1-6B472ACD5912}.Debug|Any CPU.ActiveCfg = Debug|Any CPU
		{755ACD0D-0CF0-4E55-85A1-6B472ACD5912}.Debug|Any CPU.Build.0 = Debug|Any CPU
		{755ACD0D-0CF0-4E55-85A1-6B472ACD5912}.Release|Any CPU.ActiveCfg = Release|Any CPU
		{755ACD0D-0CF0-4E55-85A1-6B472ACD5912}.Release|Any CPU.Build.0 = Release|Any CPU
		{FA6268A2-E816-450B-9697-260FB40105E4}.Debug|Any CPU.ActiveCfg = Debug|Any CPU
		{FA6268A2-E816-450B-9697-260FB40105E4}.Debug|Any CPU.Build.0 = Debug|Any CPU
		{FA6268A2-E816-450B-9697-260FB40105E4}.Release|Any CPU.ActiveCfg = Release|Any CPU
		{FA6268A2-E816-450B-9697-260FB40105E4}.Release|Any CPU.Build.0 = Release|Any CPU
		{D53FD0FF-E6E4-40C2-84F6-90D51DB514F1}.Debug|Any CPU.ActiveCfg = Debug|Any CPU
		{D53FD0FF-E6E4-40C2-84F6-90D51DB514F1}.Debug|Any CPU.Build.0 = Debug|Any CPU
		{D53FD0FF-E6E4-40C2-84F6-90D51DB514F1}.Release|Any CPU.ActiveCfg = Release|Any CPU
		{D53FD0FF-E6E4-40C2-84F6-90D51DB514F1}.Release|Any CPU.Build.0 = Release|Any CPU
		{54DA6870-83C0-487F-8285-D144C80B27D6}.Debug|Any CPU.ActiveCfg = Debug|Any CPU
		{54DA6870-83C0-487F-8285-D144C80B27D6}.Debug|Any CPU.Build.0 = Debug|Any CPU
		{54DA6870-83C0-487F-8285-D144C80B27D6}.Release|Any CPU.ActiveCfg = Release|Any CPU
		{54DA6870-83C0-487F-8285-D144C80B27D6}.Release|Any CPU.Build.0 = Release|Any CPU
		{5EA64DA9-70C5-4F31-9A1A-99AEEF191C84}.Debug|Any CPU.ActiveCfg = Debug|Any CPU
		{5EA64DA9-70C5-4F31-9A1A-99AEEF191C84}.Debug|Any CPU.Build.0 = Debug|Any CPU
		{5EA64DA9-70C5-4F31-9A1A-99AEEF191C84}.Release|Any CPU.ActiveCfg = Release|Any CPU
		{5EA64DA9-70C5-4F31-9A1A-99AEEF191C84}.Release|Any CPU.Build.0 = Release|Any CPU
		{8EA29C90-33CC-4BC2-8A03-04FBAC7BFB10}.Debug|Any CPU.ActiveCfg = Debug|Any CPU
		{8EA29C90-33CC-4BC2-8A03-04FBAC7BFB10}.Debug|Any CPU.Build.0 = Debug|Any CPU
		{8EA29C90-33CC-4BC2-8A03-04FBAC7BFB10}.Release|Any CPU.ActiveCfg = Release|Any CPU
		{8EA29C90-33CC-4BC2-8A03-04FBAC7BFB10}.Release|Any CPU.Build.0 = Release|Any CPU
		{9B00C078-C64C-43A4-A7CC-E1309D50AE20}.Debug|Any CPU.ActiveCfg = Debug|Any CPU
		{9B00C078-C64C-43A4-A7CC-E1309D50AE20}.Debug|Any CPU.Build.0 = Debug|Any CPU
		{9B00C078-C64C-43A4-A7CC-E1309D50AE20}.Release|Any CPU.ActiveCfg = Release|Any CPU
		{9B00C078-C64C-43A4-A7CC-E1309D50AE20}.Release|Any CPU.Build.0 = Release|Any CPU
		{DAA88691-8115-4E8D-8F04-0EFA48BF6AA2}.Debug|Any CPU.ActiveCfg = Debug|Any CPU
		{DAA88691-8115-4E8D-8F04-0EFA48BF6AA2}.Debug|Any CPU.Build.0 = Debug|Any CPU
		{DAA88691-8115-4E8D-8F04-0EFA48BF6AA2}.Release|Any CPU.ActiveCfg = Release|Any CPU
		{DAA88691-8115-4E8D-8F04-0EFA48BF6AA2}.Release|Any CPU.Build.0 = Release|Any CPU
		{09EBB0DE-463A-4A1B-ABC5-4C0C98EEF0FB}.Debug|Any CPU.ActiveCfg = Debug|Any CPU
		{09EBB0DE-463A-4A1B-ABC5-4C0C98EEF0FB}.Debug|Any CPU.Build.0 = Debug|Any CPU
		{09EBB0DE-463A-4A1B-ABC5-4C0C98EEF0FB}.Release|Any CPU.ActiveCfg = Release|Any CPU
		{09EBB0DE-463A-4A1B-ABC5-4C0C98EEF0FB}.Release|Any CPU.Build.0 = Release|Any CPU
		{90BE0803-FDF1-4193-BEFD-8C4DA3337BD6}.Debug|Any CPU.ActiveCfg = Debug|Any CPU
		{90BE0803-FDF1-4193-BEFD-8C4DA3337BD6}.Debug|Any CPU.Build.0 = Debug|Any CPU
		{90BE0803-FDF1-4193-BEFD-8C4DA3337BD6}.Release|Any CPU.ActiveCfg = Release|Any CPU
		{90BE0803-FDF1-4193-BEFD-8C4DA3337BD6}.Release|Any CPU.Build.0 = Release|Any CPU
		{5EA6643A-BEC3-4752-B461-EB1D7936BB1D}.Debug|Any CPU.ActiveCfg = Debug|Any CPU
		{5EA6643A-BEC3-4752-B461-EB1D7936BB1D}.Debug|Any CPU.Build.0 = Debug|Any CPU
		{5EA6643A-BEC3-4752-B461-EB1D7936BB1D}.Release|Any CPU.ActiveCfg = Release|Any CPU
		{5EA6643A-BEC3-4752-B461-EB1D7936BB1D}.Release|Any CPU.Build.0 = Release|Any CPU
	EndGlobalSection
	GlobalSection(SolutionProperties) = preSolution
		HideSolutionNode = FALSE
	EndGlobalSection
	GlobalSection(ExtensibilityGlobals) = postSolution
		SolutionGuid = {5E8DCB5E-40B5-4025-9D59-ACBEFDC01B06}
	EndGlobalSection
EndGlobal
